<?xml version="1.0" encoding="UTF-8" standalone="yes" ?>
<CodeBlocks_project_file>
	<FileVersion major="1" minor="6" />
	<Project>
		<Option title="CarDisplayer20161221" />
		<Option pch_mode="2" />
		<Option compiler="gcc" />
		<Build>
			<Target title="Debug">
				<Option output="bin/Debug/CarDisplayer20161221" prefix_auto="1" extension_auto="1" />
				<Option object_output="obj/Debug/" />
				<Option type="1" />
				<Option compiler="gcc" />
				<Compiler>
					<Add option="-std=c++11" />
					<Add option="-g" />
				</Compiler>
				<Linker>
					<Add option="-lpsapi" />
					<Add library="SDL2_Libs/SDL2.lib" />
					<Add library="SDL2_Libs/SDL2_image.lib" />
					<Add library="SDL2_Libs/SDL2_mixer.lib" />
					<Add library="SDL2_Libs/SDL2_ttf.lib" />
					<Add library="SDL2_Libs/SDL2main.lib" />
					<Add library="SDL2_Libs/SDL2test.lib" />
				</Linker>
			</Target>
			<Target title="Release">
				<Option output="bin/Release/CarDisplayer20161221" prefix_auto="1" extension_auto="1" />
				<Option object_output="obj/Release/" />
				<Option type="1" />
				<Option compiler="gcc" />
				<Compiler>
					<Add option="-O2" />
				</Compiler>
				<Linker>
					<Add option="-s" />
				</Linker>
			</Target>
		</Build>
		<Compiler>
			<Add option="-Wall" />
			<Add option="-fexceptions" />
		</Compiler>
		<Unit filename="AnimationManager.cpp" />
		<Unit filename="AnimationManager.h" />
		<Unit filename="EventManager.cpp" />
		<Unit filename="EventManager.h" />
		<Unit filename="Game.cpp" />
		<Unit filename="Game.h" />
		<Unit filename="InitManager.cpp" />
		<Unit filename="InitManager.h" />
		<Unit filename="ResourceManager.cpp" />
		<Unit filename="ResourceManager.h" />
		<Unit filename="basic_config.cpp" />
		<Unit filename="basic_config.h" />
		<Unit filename="config.cpp" />
		<Unit filename="config.h" />
		<Unit filename="ex/Engine.cpp">
			<Option compile="0" />
			<Option link="0" />
		</Unit>
		<Unit filename="ex/Engine.h" />
		<Unit filename="ex/SUV.cpp">
			<Option compile="0" />
			<Option link="0" />
		</Unit>
		<Unit filename="ex/SUV.h" />
		<Unit filename="ex/abstract_car.h" />
		<Unit filename="ex/automobile.cpp">
			<Option compile="0" />
			<Option link="0" />
		</Unit>
		<Unit filename="ex/automobile.h" />
		<Unit filename="ex/bus.cpp">
			<Option compile="0" />
			<Option link="0" />
		</Unit>
		<Unit filename="ex/bus.h" />
		<Unit filename="ex/car.cpp">
			<Option compile="0" />
			<Option link="0" />
		</Unit>
		<Unit filename="ex/car.h" />
		<Unit filename="ex/minibus.cpp">
			<Option compile="0" />
			<Option link="0" />
		</Unit>
		<Unit filename="ex/minibus.h" />
		<Unit filename="ex/pick_up.cpp">
			<Option compile="0" />
			<Option link="0" />
		</Unit>
		<Unit filename="ex/pick_up.h" />
		<Unit filename="ex/sports_car.cpp">
			<Option compile="0" />
			<Option link="0" />
		</Unit>
		<Unit filename="ex/sports_car.h" />
		<Unit filename="ex/truck.cpp">
			<Option compile="0" />
			<Option link="0" />
		</Unit>
		<Unit filename="ex/truck.h" />
		<Unit filename="main.cpp" />
		<Unit filename="mini_engine_min.cpp" />
		<Unit filename="mini_engine_min.h" />
		<Unit filename="resources_list.hpp" />
		<Unit filename="resources_load.hpp" />
		<Unit filename="sdl_engine.cpp" />
		<Unit filename="sdl_engine.h" />
		<Unit filename="sensor.cpp" />
		<Unit filename="sensor.h" />
		<Unit filename="xbutton.cpp" />
		<Unit filename="xbutton.h" />
		<Extensions>
			<code_completion />
			<envvars />
			<debugger />
			<lib_finder disable_auto="1" />
		</Extensions>
	</Project>
</CodeBlocks_project_file>
